
Microsoft Visual Studio Solution File, Format Version 12.00
# Visual Studio Version 17
VisualStudioVersion = 17.1.32210.238
MinimumVisualStudioVersion = 10.0.40219.1
Project("{9A19103F-16F7-4668-BE54-9A1E7A4F7556}") = "TatBlog.WinApp", "TatBlog.WinApp\TatBlog.WinApp.csproj", "{D75844B4-2AC1-4BE9-A46A-A09C043EDBCB}"
EndProject
Project("{9A19103F-16F7-4668-BE54-9A1E7A4F7556}") = "TatBlog.Core", "TatBlog.Core\TatBlog.Core.csproj", "{31644B60-063B-49E4-813C-7EFD011E4C11}"
EndProject
Project("{9A19103F-16F7-4668-BE54-9A1E7A4F7556}") = "TatBlog.Data", "TatBlog.Data\TatBlog.Data.csproj", "{1F20A99E-9F05-430C-A03D-69F5BF1933AD}"
EndProject
Project("{9A19103F-16F7-4668-BE54-9A1E7A4F7556}") = "TatBlog.Services", "TatBlog.Services\TatBlog.Services.csproj", "{8129783C-D996-48B0-BE94-33DF40BC2EBB}"
EndProject
Project("{9A19103F-16F7-4668-BE54-9A1E7A4F7556}") = "TatBlog.WebApp", "TatBlog.WebApp\TatBlog.WebApp.csproj", "{569AAEED-B5EF-4F20-8A3C-D35F835BA7B3}"
EndProject
Project("{FAE04EC0-301F-11D3-BF4B-00C04F79EFBC}") = "TatBlog.WebApi", "TatBlog.WebApi\TatBlog.WebApi.csproj", "{4D96727E-6771-4689-8F0B-70F261E88FE6}"
EndProject
Global
	GlobalSection(SolutionConfigurationPlatforms) = preSolution
		Debug|Any CPU = Debug|Any CPU
		Release|Any CPU = Release|Any CPU
	EndGlobalSection
	GlobalSection(ProjectConfigurationPlatforms) = postSolution
		{D75844B4-2AC1-4BE9-A46A-A09C043EDBCB}.Debug|Any CPU.ActiveCfg = Debug|Any CPU
		{D75844B4-2AC1-4BE9-A46A-A09C043EDBCB}.Debug|Any CPU.Build.0 = Debug|Any CPU
		{D75844B4-2AC1-4BE9-A46A-A09C043EDBCB}.Release|Any CPU.ActiveCfg = Release|Any CPU
		{D75844B4-2AC1-4BE9-A46A-A09C043EDBCB}.Release|Any CPU.Build.0 = Release|Any CPU
		{31644B60-063B-49E4-813C-7EFD011E4C11}.Debug|Any CPU.ActiveCfg = Debug|Any CPU
		{31644B60-063B-49E4-813C-7EFD011E4C11}.Debug|Any CPU.Build.0 = Debug|Any CPU
		{31644B60-063B-49E4-813C-7EFD011E4C11}.Release|Any CPU.ActiveCfg = Release|Any CPU
		{31644B60-063B-49E4-813C-7EFD011E4C11}.Release|Any CPU.Build.0 = Release|Any CPU
		{1F20A99E-9F05-430C-A03D-69F5BF1933AD}.Debug|Any CPU.ActiveCfg = Debug|Any CPU
		{1F20A99E-9F05-430C-A03D-69F5BF1933AD}.Debug|Any CPU.Build.0 = Debug|Any CPU
		{1F20A99E-9F05-430C-A03D-69F5BF1933AD}.Release|Any CPU.ActiveCfg = Release|Any CPU
		{1F20A99E-9F05-430C-A03D-69F5BF1933AD}.Release|Any CPU.Build.0 = Release|Any CPU
		{8129783C-D996-48B0-BE94-33DF40BC2EBB}.Debug|Any CPU.ActiveCfg = Debug|Any CPU
		{8129783C-D996-48B0-BE94-33DF40BC2EBB}.Debug|Any CPU.Build.0 = Debug|Any CPU
		{8129783C-D996-48B0-BE94-33DF40BC2EBB}.Release|Any CPU.ActiveCfg = Release|Any CPU
		{8129783C-D996-48B0-BE94-33DF40BC2EBB}.Release|Any CPU.Build.0 = Release|Any CPU
		{569AAEED-B5EF-4F20-8A3C-D35F835BA7B3}.Debug|Any CPU.ActiveCfg = Debug|Any CPU
		{569AAEED-B5EF-4F20-8A3C-D35F835BA7B3}.Debug|Any CPU.Build.0 = Debug|Any CPU
		{569AAEED-B5EF-4F20-8A3C-D35F835BA7B3}.Release|Any CPU.ActiveCfg = Release|Any CPU
		{569AAEED-B5EF-4F20-8A3C-D35F835BA7B3}.Release|Any CPU.Build.0 = Release|Any CPU
		{4D96727E-6771-4689-8F0B-70F261E88FE6}.Debug|Any CPU.ActiveCfg = Debug|Any CPU
		{4D96727E-6771-4689-8F0B-70F261E88FE6}.Debug|Any CPU.Build.0 = Debug|Any CPU
		{4D96727E-6771-4689-8F0B-70F261E88FE6}.Release|Any CPU.ActiveCfg = Release|Any CPU
		{4D96727E-6771-4689-8F0B-70F261E88FE6}.Release|Any CPU.Build.0 = Release|Any CPU
	EndGlobalSection
	GlobalSection(SolutionProperties) = preSolution
		HideSolutionNode = FALSE
	EndGlobalSection
	GlobalSection(ExtensibilityGlobals) = postSolution
		SolutionGuid = {16DB8D94-0F5B-4190-8933-EE0879A382B3}
	EndGlobalSection
EndGlobal
